
Microsoft Visual Studio Solution File, Format Version 12.00
# Visual Studio Version 17
VisualStudioVersion = 17.1.32407.343
MinimumVisualStudioVersion = 10.0.40219.1
Project("{9A19103F-16F7-4668-BE54-9A1E7A4F7556}") = "Api", "Contabilidad-api\Api.csproj", "{D2E31B60-E428-41BE-AD81-F2AD3640D8F1}"
	ProjectSection(ProjectDependencies) = postProject
		{5A589534-1797-4EDE-B2B1-F4A24AD0CAB0} = {5A589534-1797-4EDE-B2B1-F4A24AD0CAB0}
		{7340545E-F916-4977-9BE3-B2F7BDAAA845} = {7340545E-F916-4977-9BE3-B2F7BDAAA845}
		{4B323E66-A2A4-42A5-BB92-C2604DAB7D84} = {4B323E66-A2A4-42A5-BB92-C2604DAB7D84}
		{2C6136B9-DB87-4221-99DD-66A1F5234DE2} = {2C6136B9-DB87-4221-99DD-66A1F5234DE2}
	EndProjectSection
EndProject
Project("{9A19103F-16F7-4668-BE54-9A1E7A4F7556}") = "Bussiness", "Bussiness\Bussiness.csproj", "{7340545E-F916-4977-9BE3-B2F7BDAAA845}"
	ProjectSection(ProjectDependencies) = postProject
		{4B323E66-A2A4-42A5-BB92-C2604DAB7D84} = {4B323E66-A2A4-42A5-BB92-C2604DAB7D84}
		{13D9E26E-D617-44E6-95CA-861ABFD72109} = {13D9E26E-D617-44E6-95CA-861ABFD72109}
		{2C6136B9-DB87-4221-99DD-66A1F5234DE2} = {2C6136B9-DB87-4221-99DD-66A1F5234DE2}
	EndProjectSection
EndProject
Project("{9A19103F-16F7-4668-BE54-9A1E7A4F7556}") = "Data", "Data\Data.csproj", "{4B323E66-A2A4-42A5-BB92-C2604DAB7D84}"
	ProjectSection(ProjectDependencies) = postProject
		{13D9E26E-D617-44E6-95CA-861ABFD72109} = {13D9E26E-D617-44E6-95CA-861ABFD72109}
		{2C6136B9-DB87-4221-99DD-66A1F5234DE2} = {2C6136B9-DB87-4221-99DD-66A1F5234DE2}
	EndProjectSection
EndProject
Project("{00D1A9C2-B5F0-4AF3-8072-F6C62B433612}") = "DataBase", "DataBase\DataBase.sqlproj", "{9F3FE85F-46D4-4BF0-9039-2811AA8A5489}"
EndProject
Project("{9A19103F-16F7-4668-BE54-9A1E7A4F7556}") = "DTO", "DTO\DTO.csproj", "{2C6136B9-DB87-4221-99DD-66A1F5234DE2}"
EndProject
Project("{9A19103F-16F7-4668-BE54-9A1E7A4F7556}") = "Utilities", "Utilities\Utilities.csproj", "{5A589534-1797-4EDE-B2B1-F4A24AD0CAB0}"
EndProject
Project("{9A19103F-16F7-4668-BE54-9A1E7A4F7556}") = "Common", "Common\Common.csproj", "{72747FBC-E104-454A-A516-4DC71C1A6ED0}"
	ProjectSection(ProjectDependencies) = postProject
		{2C6136B9-DB87-4221-99DD-66A1F5234DE2} = {2C6136B9-DB87-4221-99DD-66A1F5234DE2}
	EndProjectSection
EndProject
Project("{9A19103F-16F7-4668-BE54-9A1E7A4F7556}") = "Constants", "Constants\Constants.csproj", "{13D9E26E-D617-44E6-95CA-861ABFD72109}"
	ProjectSection(ProjectDependencies) = postProject
		{72747FBC-E104-454A-A516-4DC71C1A6ED0} = {72747FBC-E104-454A-A516-4DC71C1A6ED0}
	EndProjectSection
EndProject
Global
	GlobalSection(SolutionConfigurationPlatforms) = preSolution
		Debug|Any CPU = Debug|Any CPU
		Release|Any CPU = Release|Any CPU
	EndGlobalSection
	GlobalSection(ProjectConfigurationPlatforms) = postSolution
		{D2E31B60-E428-41BE-AD81-F2AD3640D8F1}.Debug|Any CPU.ActiveCfg = Debug|Any CPU
		{D2E31B60-E428-41BE-AD81-F2AD3640D8F1}.Debug|Any CPU.Build.0 = Debug|Any CPU
		{D2E31B60-E428-41BE-AD81-F2AD3640D8F1}.Release|Any CPU.ActiveCfg = Release|Any CPU
		{D2E31B60-E428-41BE-AD81-F2AD3640D8F1}.Release|Any CPU.Build.0 = Release|Any CPU
		{7340545E-F916-4977-9BE3-B2F7BDAAA845}.Debug|Any CPU.ActiveCfg = Debug|Any CPU
		{7340545E-F916-4977-9BE3-B2F7BDAAA845}.Debug|Any CPU.Build.0 = Debug|Any CPU
		{7340545E-F916-4977-9BE3-B2F7BDAAA845}.Release|Any CPU.ActiveCfg = Release|Any CPU
		{7340545E-F916-4977-9BE3-B2F7BDAAA845}.Release|Any CPU.Build.0 = Release|Any CPU
		{4B323E66-A2A4-42A5-BB92-C2604DAB7D84}.Debug|Any CPU.ActiveCfg = Debug|Any CPU
		{4B323E66-A2A4-42A5-BB92-C2604DAB7D84}.Debug|Any CPU.Build.0 = Debug|Any CPU
		{4B323E66-A2A4-42A5-BB92-C2604DAB7D84}.Release|Any CPU.ActiveCfg = Release|Any CPU
		{4B323E66-A2A4-42A5-BB92-C2604DAB7D84}.Release|Any CPU.Build.0 = Release|Any CPU
		{9F3FE85F-46D4-4BF0-9039-2811AA8A5489}.Debug|Any CPU.ActiveCfg = Debug|Any CPU
		{9F3FE85F-46D4-4BF0-9039-2811AA8A5489}.Debug|Any CPU.Build.0 = Debug|Any CPU
		{9F3FE85F-46D4-4BF0-9039-2811AA8A5489}.Debug|Any CPU.Deploy.0 = Debug|Any CPU
		{9F3FE85F-46D4-4BF0-9039-2811AA8A5489}.Release|Any CPU.ActiveCfg = Release|Any CPU
		{9F3FE85F-46D4-4BF0-9039-2811AA8A5489}.Release|Any CPU.Build.0 = Release|Any CPU
		{9F3FE85F-46D4-4BF0-9039-2811AA8A5489}.Release|Any CPU.Deploy.0 = Release|Any CPU
		{2C6136B9-DB87-4221-99DD-66A1F5234DE2}.Debug|Any CPU.ActiveCfg = Debug|Any CPU
		{2C6136B9-DB87-4221-99DD-66A1F5234DE2}.Debug|Any CPU.Build.0 = Debug|Any CPU
		{2C6136B9-DB87-4221-99DD-66A1F5234DE2}.Release|Any CPU.ActiveCfg = Release|Any CPU
		{2C6136B9-DB87-4221-99DD-66A1F5234DE2}.Release|Any CPU.Build.0 = Release|Any CPU
		{5A589534-1797-4EDE-B2B1-F4A24AD0CAB0}.Debug|Any CPU.ActiveCfg = Debug|Any CPU
		{5A589534-1797-4EDE-B2B1-F4A24AD0CAB0}.Debug|Any CPU.Build.0 = Debug|Any CPU
		{5A589534-1797-4EDE-B2B1-F4A24AD0CAB0}.Release|Any CPU.ActiveCfg = Release|Any CPU
		{5A589534-1797-4EDE-B2B1-F4A24AD0CAB0}.Release|Any CPU.Build.0 = Release|Any CPU
		{72747FBC-E104-454A-A516-4DC71C1A6ED0}.Debug|Any CPU.ActiveCfg = Debug|Any CPU
		{72747FBC-E104-454A-A516-4DC71C1A6ED0}.Debug|Any CPU.Build.0 = Debug|Any CPU
		{72747FBC-E104-454A-A516-4DC71C1A6ED0}.Release|Any CPU.ActiveCfg = Release|Any CPU
		{72747FBC-E104-454A-A516-4DC71C1A6ED0}.Release|Any CPU.Build.0 = Release|Any CPU
		{13D9E26E-D617-44E6-95CA-861ABFD72109}.Debug|Any CPU.ActiveCfg = Debug|Any CPU
		{13D9E26E-D617-44E6-95CA-861ABFD72109}.Debug|Any CPU.Build.0 = Debug|Any CPU
		{13D9E26E-D617-44E6-95CA-861ABFD72109}.Release|Any CPU.ActiveCfg = Release|Any CPU
		{13D9E26E-D617-44E6-95CA-861ABFD72109}.Release|Any CPU.Build.0 = Release|Any CPU
	EndGlobalSection
	GlobalSection(SolutionProperties) = preSolution
		HideSolutionNode = FALSE
	EndGlobalSection
	GlobalSection(ExtensibilityGlobals) = postSolution
		SolutionGuid = {70E707FC-DAD2-431C-A261-959E95BCFFA6}
	EndGlobalSection
EndGlobal
